// !$*UTF8*$!
{
	archiveVersion = 1;
	classes = {
	};
	objectVersion = 50;
	objects = {

/* Begin PBXBuildFile section */
		2859CDCF2186A443007989D6 /* ProfileViewController.swift in Sources */ = {isa = PBXBuildFile; fileRef = 2859CDCE2186A443007989D6 /* ProfileViewController.swift */; };
		2859CDD22186C9F7007989D6 /* BaseTransition.swift in Sources */ = {isa = PBXBuildFile; fileRef = 2859CDD02186C9F7007989D6 /* BaseTransition.swift */; };
		2859CDD32186C9F7007989D6 /* FadeTransition.swift in Sources */ = {isa = PBXBuildFile; fileRef = 2859CDD12186C9F7007989D6 /* FadeTransition.swift */; };
		2885E7B42183E7DA00C2A8D1 /* AppDelegate.swift in Sources */ = {isa = PBXBuildFile; fileRef = 2885E7B32183E7DA00C2A8D1 /* AppDelegate.swift */; };
		2885E7B92183E7DA00C2A8D1 /* Main.storyboard in Resources */ = {isa = PBXBuildFile; fileRef = 2885E7B72183E7DA00C2A8D1 /* Main.storyboard */; };
		2885E7BB2183E7DB00C2A8D1 /* Assets.xcassets in Resources */ = {isa = PBXBuildFile; fileRef = 2885E7BA2183E7DB00C2A8D1 /* Assets.xcassets */; };
		2885E7BE2183E7DB00C2A8D1 /* LaunchScreen.storyboard in Resources */ = {isa = PBXBuildFile; fileRef = 2885E7BC2183E7DB00C2A8D1 /* LaunchScreen.storyboard */; };
		2885E7C62183EAB400C2A8D1 /* CardsViewController.swift in Sources */ = {isa = PBXBuildFile; fileRef = 2885E7C52183EAB400C2A8D1 /* CardsViewController.swift */; };
/* End PBXBuildFile section */

/* Begin PBXFileReference section */
		2859CDCE2186A443007989D6 /* ProfileViewController.swift */ = {isa = PBXFileReference; lastKnownFileType = sourcecode.swift; path = ProfileViewController.swift; sourceTree = "<group>"; };
		2859CDD02186C9F7007989D6 /* BaseTransition.swift */ = {isa = PBXFileReference; fileEncoding = 4; lastKnownFileType = sourcecode.swift; path = BaseTransition.swift; sourceTree = "<group>"; };
		2859CDD12186C9F7007989D6 /* FadeTransition.swift */ = {isa = PBXFileReference; fileEncoding = 4; lastKnownFileType = sourcecode.swift; path = FadeTransition.swift; sourceTree = "<group>"; };
		2885E7B02183E7DA00C2A8D1 /* tinder.app */ = {isa = PBXFileReference; explicitFileType = wrapper.application; includeInIndex = 0; path = tinder.app; sourceTree = BUILT_PRODUCTS_DIR; };
		2885E7B32183E7DA00C2A8D1 /* AppDelegate.swift */ = {isa = PBXFileReference; lastKnownFileType = sourcecode.swift; path = AppDelegate.swift; sourceTree = "<group>"; };
		2885E7B82183E7DA00C2A8D1 /* Base */ = {isa = PBXFileReference; lastKnownFileType = file.storyboard; name = Base; path = Base.lproj/Main.storyboard; sourceTree = "<group>"; };
		2885E7BA2183E7DB00C2A8D1 /* Assets.xcassets */ = {isa = PBXFileReference; lastKnownFileType = folder.assetcatalog; path = Assets.xcassets; sourceTree = "<group>"; };
		2885E7BD2183E7DB00C2A8D1 /* Base */ = {isa = PBXFileReference; lastKnownFileType = file.storyboard; name = Base; path = Base.lproj/LaunchScreen.storyboard; sourceTree = "<group>"; };
		2885E7BF2183E7DB00C2A8D1 /* Info.plist */ = {isa = PBXFileReference; lastKnownFileType = text.plist.xml; path = Info.plist; sourceTree = "<group>"; };
		2885E7C52183EAB400C2A8D1 /* CardsViewController.swift */ = {isa = PBXFileReference; lastKnownFileType = sourcecode.swift; path = CardsViewController.swift; sourceTree = "<group>"; };
/* End PBXFileReference section */

/* Begin PBXFrameworksBuildPhase section */
		2885E7AD2183E7DA00C2A8D1 /* Frameworks */ = {
			isa = PBXFrameworksBuildPhase;
			buildActionMask = 2147483647;
			files = (
			);
			runOnlyForDeploymentPostprocessing = 0;
		};
/* End PBXFrameworksBuildPhase section */

/* Begin PBXGroup section */
		2859CDCD2186A428007989D6 /* ViewControllers */ = {
			isa = PBXGroup;
			children = (
				2885E7C52183EAB400C2A8D1 /* CardsViewController.swift */,
				2859CDCE2186A443007989D6 /* ProfileViewController.swift */,
				2859CDD02186C9F7007989D6 /* BaseTransition.swift */,
				2859CDD12186C9F7007989D6 /* FadeTransition.swift */,
			);
			path = ViewControllers;
			sourceTree = "<group>";
		};
		2885E7A72183E7DA00C2A8D1 = {
			isa = PBXGroup;
			children = (
				2885E7B22183E7DA00C2A8D1 /* tinder */,
				2885E7B12183E7DA00C2A8D1 /* Products */,
			);
			sourceTree = "<group>";
		};
		2885E7B12183E7DA00C2A8D1 /* Products */ = {
			isa = PBXGroup;
			children = (
				2885E7B02183E7DA00C2A8D1 /* tinder.app */,
			);
			name = Products;
			sourceTree = "<group>";
		};
		2885E7B22183E7DA00C2A8D1 /* tinder */ = {
			isa = PBXGroup;
			children = (
				2859CDCD2186A428007989D6 /* ViewControllers */,
				2885E7B32183E7DA00C2A8D1 /* AppDelegate.swift */,
				2885E7B72183E7DA00C2A8D1 /* Main.storyboard */,
				2885E7BA2183E7DB00C2A8D1 /* Assets.xcassets */,
				2885E7BC2183E7DB00C2A8D1 /* LaunchScreen.storyboard */,
				2885E7BF2183E7DB00C2A8D1 /* Info.plist */,
			);
			path = tinder;
			sourceTree = "<group>";
		};
/* End PBXGroup section */

/* Begin PBXNativeTarget section */
		2885E7AF2183E7DA00C2A8D1 /* tinder */ = {
			isa = PBXNativeTarget;
			buildConfigurationList = 2885E7C22183E7DB00C2A8D1 /* Build configuration list for PBXNativeTarget "tinder" */;
			buildPhases = (
				2885E7AC2183E7DA00C2A8D1 /* Sources */,
				2885E7AD2183E7DA00C2A8D1 /* Frameworks */,
				2885E7AE2183E7DA00C2A8D1 /* Resources */,
			);
			buildRules = (
			);
			dependencies = (
			);
			name = tinder;
			productName = tinder;
			productReference = 2885E7B02183E7DA00C2A8D1 /* tinder.app */;
			productType = "com.apple.product-type.application";
		};
/* End PBXNativeTarget section */

/* Begin PBXProject section */
		2885E7A82183E7DA00C2A8D1 /* Project object */ = {
			isa = PBXProject;
			attributes = {
				LastSwiftUpdateCheck = 1000;
				LastUpgradeCheck = 1000;
				ORGANIZATIONNAME = "Neil Shah";
				TargetAttributes = {
					2885E7AF2183E7DA00C2A8D1 = {
						CreatedOnToolsVersion = 10.0;
					};
				};
			};
			buildConfigurationList = 2885E7AB2183E7DA00C2A8D1 /* Build configuration list for PBXProject "tinder" */;
			compatibilityVersion = "Xcode 9.3";
			developmentRegion = en;
			hasScannedForEncodings = 0;
			knownRegions = (
				en,
				Base,
			);
			mainGroup = 2885E7A72183E7DA00C2A8D1;
			productRefGroup = 2885E7B12183E7DA00C2A8D1 /* Products */;
			projectDirPath = "";
			projectRoot = "";
			targets = (
				2885E7AF2183E7DA00C2A8D1 /* tinder */,
			);
		};
/* End PBXProject section */

/* Begin PBXResourcesBuildPhase section */
		2885E7AE2183E7DA00C2A8D1 /* Resources */ = {
			isa = PBXResourcesBuildPhase;
			buildActionMask = 2147483647;
			files = (
				2885E7BE2183E7DB00C2A8D1 /* LaunchScreen.storyboard in Resources */,
				2885E7BB2183E7DB00C2A8D1 /* Assets.xcassets in Resources */,
				2885E7B92183E7DA00C2A8D1 /* Main.storyboard in Resources */,
			);
			runOnlyForDeploymentPostprocessing = 0;
		};
/* End PBXResourcesBuildPhase section */

/* Begin PBXSourcesBuildPhase section */
		2885E7AC2183E7DA00C2A8D1 /* Sources */ = {
			isa = PBXSourcesBuildPhase;
			buildActionMask = 2147483647;
			files = (
				2859CDCF2186A443007989D6 /* ProfileViewController.swift in Sources */,
				2859CDD32186C9F7007989D6 /* FadeTransition.swift in Sources */,
				2859CDD22186C9F7007989D6 /* BaseTransition.swift in Sources */,
				2885E7B42183E7DA00C2A8D1 /* AppDelegate.swift in Sources */,
				2885E7C62183EAB400C2A8D1 /* CardsViewController.swift in Sources */,
			);
			runOnlyForDeploymentPostprocessing = 0;
		};
/* End PBXSourcesBuildPhase section */

/* Begin PBXVariantGroup section */
		2885E7B72183E7DA00C2A8D1 /* Main.storyboard */ = {
			isa = PBXVariantGroup;
			children = (
				2885E7B82183E7DA00C2A8D1 /* Base */,
			);
			name = Main.storyboard;
			sourceTree = "<group>";
		};
		2885E7BC2183E7DB00C2A8D1 /* LaunchScreen.storyboard */ = {
			isa = PBXVariantGroup;
			children = (
				2885E7BD2183E7DB00C2A8D1 /* Base */,
			);
			name = LaunchScreen.storyboard;
			sourceTree = "<group>";
		};
/* End PBXVariantGroup section */

/* Begin XCBuildConfiguration section */
		2885E7C02183E7DB00C2A8D1 /* Debug */ = {
			isa = XCBuildConfiguration;
			buildSettings = {
				ALWAYS_SEARCH_USER_PATHS = NO;
				CLANG_ANALYZER_NONNULL = YES;
				CLANG_ANALYZER_NUMBER_OBJECT_CONVERSION = YES_AGGRESSIVE;
				CLANG_CXX_LANGUAGE_STANDARD = "gnu++14";
				CLANG_CXX_LIBRARY = "libc++";
				CLANG_ENABLE_MODULES = YES;
				CLANG_ENABLE_OBJC_ARC = YES;
				CLANG_ENABLE_OBJC_WEAK = YES;
				CLANG_WARN_BLOCK_CAPTURE_AUTORELEASING = YES;
				CLANG_WARN_BOOL_CONVERSION = YES;
				CLANG_WARN_COMMA = YES;
				CLANG_WARN_CONSTANT_CONVERSION = YES;
				CLANG_WARN_DEPRECATED_OBJC_IMPLEMENTATIONS = YES;
				CLANG_WARN_DIRECT_OBJC_ISA_USAGE = YES_ERROR;
				CLANG_WARN_DOCUMENTATION_COMMENTS = YES;
				CLANG_WARN_EMPTY_BODY = YES;
				CLANG_WARN_ENUM_CONVERSION = YES;
				CLANG_WARN_INFINITE_RECURSION = YES;
				CLANG_WARN_INT_CONVERSION = YES;
				CLANG_WARN_NON_LITERAL_NULL_CONVERSION = YES;
				CLANG_WARN_OBJC_IMPLICIT_RETAIN_SELF = YES;
				CLANG_WARN_OBJC_LITERAL_CONVERSION = YES;
				CLANG_WARN_OBJC_ROOT_CLASS = YES_ERROR;
				CLANG_WARN_RANGE_LOOP_ANALYSIS = YES;
				CLANG_WARN_STRICT_PROTOTYPES = YES;
				CLANG_WARN_SUSPICIOUS_MOVE = YES;
				CLANG_WARN_UNGUARDED_AVAILABILITY = YES_AGGRESSIVE;
				CLANG_WARN_UNREACHABLE_CODE = YES;
				CLANG_WARN__DUPLICATE_METHOD_MATCH = YES;
				CODE_SIGN_IDENTITY = "iPhone Developer";
				COPY_PHASE_STRIP = NO;
				DEBUG_INFORMATION_FORMAT = dwarf;
				ENABLE_STRICT_OBJC_MSGSEND = YES;
				ENABLE_TESTABILITY = YES;
				GCC_C_LANGUAGE_STANDARD = gnu11;
				GCC_DYNAMIC_NO_PIC = NO;
				GCC_NO_COMMON_BLOCKS = YES;
				GCC_OPTIMIZATION_LEVEL = 0;
				GCC_PREPROCESSOR_DEFINITIONS = (
					"DEBUG=1",
					"$(inherited)",
				);
				GCC_WARN_64_TO_32_BIT_CONVERSION = YES;
				GCC_WARN_ABOUT_RETURN_TYPE = YES_ERROR;
				GCC_WARN_UNDECLARED_SELECTOR = YES;
				GCC_WARN_UNINITIALIZED_AUTOS = YES_AGGRESSIVE;
				GCC_WARN_UNUSED_FUNCTION = YES;
				GCC_WARN_UNUSED_VARIABLE = YES;
				IPHONEOS_DEPLOYMENT_TARGET = 12.0;
				MTL_ENABLE_DEBUG_INFO = INCLUDE_SOURCE;
				MTL_FAST_MATH = YES;
				ONLY_ACTIVE_ARCH = YES;
				SDKROOT = iphoneos;
				SWIFT_ACTIVE_COMPILATION_CONDITIONS = DEBUG;
				SWIFT_OPTIMIZATION_LEVEL = "-Onone";
			};
			name = Debug;
		};
		2885E7C12183E7DB00C2A8D1 /* Release */ = {
			isa = XCBuildConfiguration;
			buildSettings = {
				ALWAYS_SEARCH_USER_PATHS = NO;
				CLANG_ANALYZER_NONNULL = YES;
				CLANG_ANALYZER_NUMBER_OBJECT_CONVERSION = YES_AGGRESSIVE;
				CLANG_CXX_LANGUAGE_STANDARD = "gnu++14";
				CLANG_CXX_LIBRARY = "libc++";
				CLANG_ENABLE_MODULES = YES;
				CLANG_ENABLE_OBJC_ARC = YES;
				CLANG_ENABLE_OBJC_WEAK = YES;
				CLANG_WARN_BLOCK_CAPTURE_AUTORELEASING = YES;
				CLANG_WARN_BOOL_CONVERSION = YES;
				CLANG_WARN_COMMA = YES;
				CLANG_WARN_CONSTANT_CONVERSION = YES;
				CLANG_WARN_DEPRECATED_OBJC_IMPLEMENTATIONS = YES;
				CLANG_WARN_DIRECT_OBJC_ISA_USAGE = YES_ERROR;
				CLANG_WARN_DOCUMENTATION_COMMENTS = YES;
				CLANG_WARN_EMPTY_BODY = YES;
				CLANG_WARN_ENUM_CONVERSION = YES;
				CLANG_WARN_INFINITE_RECURSION = YES;
				CLANG_WARN_INT_CONVERSION = YES;
				CLANG_WARN_NON_LITERAL_NULL_CONVERSION = YES;
				CLANG_WARN_OBJC_IMPLICIT_RETAIN_SELF = YES;
				CLANG_WARN_OBJC_LITERAL_CONVERSION = YES;
				CLANG_WARN_OBJC_ROOT_CLASS = YES_ERROR;
				CLANG_WARN_RANGE_LOOP_ANALYSIS = YES;
				CLANG_WARN_STRICT_PROTOTYPES = YES;
				CLANG_WARN_SUSPICIOUS_MOVE = YES;
				CLANG_WARN_UNGUARDED_AVAILABILITY = YES_AGGRESSIVE;
				CLANG_WARN_UNREACHABLE_CODE = YES;
				CLANG_WARN__DUPLICATE_METHOD_MATCH = YES;
				CODE_SIGN_IDENTITY = "iPhone Developer";
				COPY_PHASE_STRIP = NO;
				DEBUG_INFORMATION_FORMAT = "dwarf-with-dsym";
				ENABLE_NS_ASSERTIONS = NO;
				ENABLE_STRICT_OBJC_MSGSEND = YES;
				GCC_C_LANGUAGE_STANDARD = gnu11;
				GCC_NO_COMMON_BLOCKS = YES;
				GCC_WARN_64_TO_32_BIT_CONVERSION = YES;
				GCC_WARN_ABOUT_RETURN_TYPE = YES_ERROR;
				GCC_WARN_UNDECLARED_SELECTOR = YES;
				GCC_WARN_UNINITIALIZED_AUTOS = YES_AGGRESSIVE;
				GCC_WARN_UNUSED_FUNCTION = YES;
				GCC_WARN_UNUSED_VARIABLE = YES;
				IPHONEOS_DEPLOYMENT_TARGET = 12.0;
				MTL_ENABLE_DEBUG_INFO = NO;
				MTL_FAST_MATH = YES;
				SDKROOT = iphoneos;
				SWIFT_COMPILATION_MODE = wholemodule;
				SWIFT_OPTIMIZATION_LEVEL = "-O";
				VALIDATE_PRODUCT = YES;
			};
			name = Release;
		};
		2885E7C32183E7DB00C2A8D1 /* Debug */ = {
			isa = XCBuildConfiguration;
			buildSettings = {
				ASSETCATALOG_COMPILER_APPICON_NAME = AppIcon;
				CODE_SIGN_STYLE = Automatic;
				INFOPLIST_FILE = tinder/Info.plist;
				LD_RUNPATH_SEARCH_PATHS = (
					"$(inherited)",
					"@executable_path/Frameworks",
				);
				PRODUCT_BUNDLE_IDENTIFIER = neilshah.tinder;
				PRODUCT_NAME = "$(TARGET_NAME)";
				SWIFT_VERSION = 4.2;
				TARGETED_DEVICE_FAMILY = "1,2";
			};
			name = Debug;
		};
		2885E7C42183E7DB00C2A8D1 /* Release */ = {
			isa = XCBuildConfiguration;
			buildSettings = {
				ASSETCATALOG_COMPILER_APPICON_NAME = AppIcon;
				CODE_SIGN_STYLE = Automatic;
				INFOPLIST_FILE = tinder/Info.plist;
				LD_RUNPATH_SEARCH_PATHS = (
					"$(inherited)",
					"@executable_path/Frameworks",
				);
				PRODUCT_BUNDLE_IDENTIFIER = neilshah.tinder;
				PRODUCT_NAME = "$(TARGET_NAME)";
				SWIFT_VERSION = 4.2;
				TARGETED_DEVICE_FAMILY = "1,2";
			};
			name = Release;
		};
/* End XCBuildConfiguration section */

/* Begin XCConfigurationList section */
		2885E7AB2183E7DA00C2A8D1 /* Build configuration list for PBXProject "tinder" */ = {
			isa = XCConfigurationList;
			buildConfigurations = (
				2885E7C02183E7DB00C2A8D1 /* Debug */,
				2885E7C12183E7DB00C2A8D1 /* Release */,
			);
			defaultConfigurationIsVisible = 0;
			defaultConfigurationName = Release;
		};
		2885E7C22183E7DB00C2A8D1 /* Build configuration list for PBXNativeTarget "tinder" */ = {
			isa = XCConfigurationList;
			buildConfigurations = (
				2885E7C32183E7DB00C2A8D1 /* Debug */,
				2885E7C42183E7DB00C2A8D1 /* Release */,
			);
			defaultConfigurationIsVisible = 0;
			defaultConfigurationName = Release;
		};
/* End XCConfigurationList section */
	};
	rootObject = 2885E7A82183E7DA00C2A8D1 /* Project object */;
}
